// !$*UTF8*$!
{
	archiveVersion = 1;
	classes = {
	};
	objectVersion = 46;
	objects = {

/* Begin PBXBuildFile section */
		C416EFC41D73582900D484A5 /* AppDelegate.swift in Sources */ = {isa = PBXBuildFile; fileRef = C416EFC31D73582900D484A5 /* AppDelegate.swift */; };
		C416EFCB1D73582900D484A5 /* Main.storyboard in Resources */ = {isa = PBXBuildFile; fileRef = C416EFC91D73582900D484A5 /* Main.storyboard */; };
		C416EFCD1D73582900D484A5 /* Assets.xcassets in Resources */ = {isa = PBXBuildFile; fileRef = C416EFCC1D73582900D484A5 /* Assets.xcassets */; };
		C416EFD01D73582900D484A5 /* LaunchScreen.storyboard in Resources */ = {isa = PBXBuildFile; fileRef = C416EFCE1D73582900D484A5 /* LaunchScreen.storyboard */; };
		C416EFD81D735A3B00D484A5 /* MasterViewController.swift in Sources */ = {isa = PBXBuildFile; fileRef = C416EFD71D735A3B00D484A5 /* MasterViewController.swift */; };
		C440F4EE1D85DD6400D4AFDB /* MnistNet.swift in Sources */ = {isa = PBXBuildFile; fileRef = C440F4ED1D85DD6400D4AFDB /* MnistNet.swift */; };
		C45490491D96BA8A0011B9AC /* BatchViewController.swift in Sources */ = {isa = PBXBuildFile; fileRef = C45490481D96BA8A0011B9AC /* BatchViewController.swift */; };
		C454904D1D96BE600011B9AC /* ImageCell.xib in Resources */ = {isa = PBXBuildFile; fileRef = C454904B1D96BE600011B9AC /* ImageCell.xib */; };
		C48C64141D98501F00A82678 /* DrawingViewController.swift in Sources */ = {isa = PBXBuildFile; fileRef = C48C64121D98501F00A82678 /* DrawingViewController.swift */; };
		C48C64151D98501F00A82678 /* DrawingViewController.xib in Resources */ = {isa = PBXBuildFile; fileRef = C48C64131D98501F00A82678 /* DrawingViewController.xib */; };
		C48C64171D98529C00A82678 /* CanvasView.swift in Sources */ = {isa = PBXBuildFile; fileRef = C48C64161D98529C00A82678 /* CanvasView.swift */; };
		C48C64191D9870E300A82678 /* ImageMagic.swift in Sources */ = {isa = PBXBuildFile; fileRef = C48C64181D9870E300A82678 /* ImageMagic.swift */; };
		C4E383E61D7362F000796D53 /* OneByOneViewController.swift in Sources */ = {isa = PBXBuildFile; fileRef = C4E383E51D7362F000796D53 /* OneByOneViewController.swift */; };
		C4E383ED1D7366A300796D53 /* MnistData.swift in Sources */ = {isa = PBXBuildFile; fileRef = C4E383EC1D7366A300796D53 /* MnistData.swift */; };
		C4E383EF1D736FEA00796D53 /* ImageCell.swift in Sources */ = {isa = PBXBuildFile; fileRef = C4E383EE1D736FEA00796D53 /* ImageCell.swift */; };
		C4EC53A91D8EAC63001684F0 /* BnnsBuilder.swift in Sources */ = {isa = PBXBuildFile; fileRef = C4EC53A81D8EAC63001684F0 /* BnnsBuilder.swift */; };
/* End PBXBuildFile section */

/* Begin PBXFileReference section */
		C416EFC01D73582900D484A5 /* mnistios.app */ = {isa = PBXFileReference; explicitFileType = wrapper.application; includeInIndex = 0; path = mnistios.app; sourceTree = BUILT_PRODUCTS_DIR; };
		C416EFC31D73582900D484A5 /* AppDelegate.swift */ = {isa = PBXFileReference; lastKnownFileType = sourcecode.swift; path = AppDelegate.swift; sourceTree = "<group>"; };
		C416EFCA1D73582900D484A5 /* Base */ = {isa = PBXFileReference; lastKnownFileType = file.storyboard; name = Base; path = Base.lproj/Main.storyboard; sourceTree = "<group>"; };
		C416EFCC1D73582900D484A5 /* Assets.xcassets */ = {isa = PBXFileReference; lastKnownFileType = folder.assetcatalog; path = Assets.xcassets; sourceTree = "<group>"; };
		C416EFCF1D73582900D484A5 /* Base */ = {isa = PBXFileReference; lastKnownFileType = file.storyboard; name = Base; path = Base.lproj/LaunchScreen.storyboard; sourceTree = "<group>"; };
		C416EFD11D73582900D484A5 /* Info.plist */ = {isa = PBXFileReference; lastKnownFileType = text.plist.xml; path = Info.plist; sourceTree = "<group>"; };
		C416EFD71D735A3B00D484A5 /* MasterViewController.swift */ = {isa = PBXFileReference; fileEncoding = 4; lastKnownFileType = sourcecode.swift; path = MasterViewController.swift; sourceTree = "<group>"; };
		C440F4ED1D85DD6400D4AFDB /* MnistNet.swift */ = {isa = PBXFileReference; fileEncoding = 4; lastKnownFileType = sourcecode.swift; path = MnistNet.swift; sourceTree = "<group>"; };
		C45490481D96BA8A0011B9AC /* BatchViewController.swift */ = {isa = PBXFileReference; fileEncoding = 4; lastKnownFileType = sourcecode.swift; path = BatchViewController.swift; sourceTree = "<group>"; };
		C454904B1D96BE600011B9AC /* ImageCell.xib */ = {isa = PBXFileReference; fileEncoding = 4; lastKnownFileType = file.xib; path = ImageCell.xib; sourceTree = "<group>"; };
		C48C64121D98501F00A82678 /* DrawingViewController.swift */ = {isa = PBXFileReference; fileEncoding = 4; lastKnownFileType = sourcecode.swift; path = DrawingViewController.swift; sourceTree = "<group>"; };
		C48C64131D98501F00A82678 /* DrawingViewController.xib */ = {isa = PBXFileReference; fileEncoding = 4; lastKnownFileType = file.xib; path = DrawingViewController.xib; sourceTree = "<group>"; };
		C48C64161D98529C00A82678 /* CanvasView.swift */ = {isa = PBXFileReference; fileEncoding = 4; lastKnownFileType = sourcecode.swift; path = CanvasView.swift; sourceTree = "<group>"; };
		C48C64181D9870E300A82678 /* ImageMagic.swift */ = {isa = PBXFileReference; fileEncoding = 4; lastKnownFileType = sourcecode.swift; path = ImageMagic.swift; sourceTree = "<group>"; };
		C4B73AC61D870E140069F447 /* mnistios-Bridging-Header.h */ = {isa = PBXFileReference; lastKnownFileType = sourcecode.c.h; path = "mnistios-Bridging-Header.h"; sourceTree = "<group>"; };
		C4E383E51D7362F000796D53 /* OneByOneViewController.swift */ = {isa = PBXFileReference; fileEncoding = 4; lastKnownFileType = sourcecode.swift; path = OneByOneViewController.swift; sourceTree = "<group>"; };
		C4E383EC1D7366A300796D53 /* MnistData.swift */ = {isa = PBXFileReference; fileEncoding = 4; lastKnownFileType = sourcecode.swift; path = MnistData.swift; sourceTree = "<group>"; };
		C4E383EE1D736FEA00796D53 /* ImageCell.swift */ = {isa = PBXFileReference; fileEncoding = 4; lastKnownFileType = sourcecode.swift; path = ImageCell.swift; sourceTree = "<group>"; };
		C4EC53A81D8EAC63001684F0 /* BnnsBuilder.swift */ = {isa = PBXFileReference; fileEncoding = 4; lastKnownFileType = sourcecode.swift; path = BnnsBuilder.swift; sourceTree = "<group>"; };
		C4EC53AA1D8EB210001684F0 /* BnnsHelper.h */ = {isa = PBXFileReference; lastKnownFileType = sourcecode.c.h; path = BnnsHelper.h; sourceTree = "<group>"; };
/* End PBXFileReference section */

/* Begin PBXFrameworksBuildPhase section */
		C416EFBD1D73582900D484A5 /* Frameworks */ = {
			isa = PBXFrameworksBuildPhase;
			buildActionMask = 2147483647;
			files = (
			);
			runOnlyForDeploymentPostprocessing = 0;
		};
/* End PBXFrameworksBuildPhase section */

/* Begin PBXGroup section */
		C416EFB71D73582900D484A5 = {
			isa = PBXGroup;
			children = (
				C4EC53A71D8EAC3F001684F0 /* BnnsBuilder */,
				C416EFC21D73582900D484A5 /* mnistios */,
				C416EFC11D73582900D484A5 /* Products */,
			);
			sourceTree = "<group>";
		};
		C416EFC11D73582900D484A5 /* Products */ = {
			isa = PBXGroup;
			children = (
				C416EFC01D73582900D484A5 /* mnistios.app */,
			);
			name = Products;
			sourceTree = "<group>";
		};
		C416EFC21D73582900D484A5 /* mnistios */ = {
			isa = PBXGroup;
			children = (
				C416EFC31D73582900D484A5 /* AppDelegate.swift */,
				C416EFD71D735A3B00D484A5 /* MasterViewController.swift */,
				C4E383E51D7362F000796D53 /* OneByOneViewController.swift */,
				C45490481D96BA8A0011B9AC /* BatchViewController.swift */,
				C48C64121D98501F00A82678 /* DrawingViewController.swift */,
				C48C64131D98501F00A82678 /* DrawingViewController.xib */,
				C48C64161D98529C00A82678 /* CanvasView.swift */,
				C4E383EE1D736FEA00796D53 /* ImageCell.swift */,
				C454904B1D96BE600011B9AC /* ImageCell.xib */,
				C48C64181D9870E300A82678 /* ImageMagic.swift */,
				C4E383EC1D7366A300796D53 /* MnistData.swift */,
				C440F4ED1D85DD6400D4AFDB /* MnistNet.swift */,
				C416EFC91D73582900D484A5 /* Main.storyboard */,
				C416EFCC1D73582900D484A5 /* Assets.xcassets */,
				C416EFCE1D73582900D484A5 /* LaunchScreen.storyboard */,
				C416EFD11D73582900D484A5 /* Info.plist */,
				C4B73AC61D870E140069F447 /* mnistios-Bridging-Header.h */,
			);
			path = mnistios;
			sourceTree = "<group>";
		};
		C4EC53A71D8EAC3F001684F0 /* BnnsBuilder */ = {
			isa = PBXGroup;
			children = (
				C4EC53A81D8EAC63001684F0 /* BnnsBuilder.swift */,
				C4EC53AA1D8EB210001684F0 /* BnnsHelper.h */,
			);
			path = BnnsBuilder;
			sourceTree = "<group>";
		};
/* End PBXGroup section */

/* Begin PBXNativeTarget section */
		C416EFBF1D73582900D484A5 /* mnistios */ = {
			isa = PBXNativeTarget;
			buildConfigurationList = C416EFD41D73582900D484A5 /* Build configuration list for PBXNativeTarget "mnistios" */;
			buildPhases = (
				C416EFBC1D73582900D484A5 /* Sources */,
				C416EFBD1D73582900D484A5 /* Frameworks */,
				C416EFBE1D73582900D484A5 /* Resources */,
			);
			buildRules = (
			);
			dependencies = (
			);
			name = mnistios;
			productName = mnistios;
			productReference = C416EFC01D73582900D484A5 /* mnistios.app */;
			productType = "com.apple.product-type.application";
		};
/* End PBXNativeTarget section */

/* Begin PBXProject section */
		C416EFB81D73582900D484A5 /* Project object */ = {
			isa = PBXProject;
			attributes = {
				LastSwiftUpdateCheck = 0800;
				LastUpgradeCheck = 1010;
				ORGANIZATIONNAME = paiv;
				TargetAttributes = {
					C416EFBF1D73582900D484A5 = {
						CreatedOnToolsVersion = 8.0;
						DevelopmentTeam = R6D5S4N2Y9;
						LastSwiftMigration = 1010;
						ProvisioningStyle = Automatic;
					};
				};
			};
			buildConfigurationList = C416EFBB1D73582900D484A5 /* Build configuration list for PBXProject "mnistios" */;
			compatibilityVersion = "Xcode 3.2";
			developmentRegion = English;
			hasScannedForEncodings = 0;
			knownRegions = (
				en,
				Base,
			);
			mainGroup = C416EFB71D73582900D484A5;
			productRefGroup = C416EFC11D73582900D484A5 /* Products */;
			projectDirPath = "";
			projectRoot = "";
			targets = (
				C416EFBF1D73582900D484A5 /* mnistios */,
			);
		};
/* End PBXProject section */

/* Begin PBXResourcesBuildPhase section */
		C416EFBE1D73582900D484A5 /* Resources */ = {
			isa = PBXResourcesBuildPhase;
			buildActionMask = 2147483647;
			files = (
				C416EFD01D73582900D484A5 /* LaunchScreen.storyboard in Resources */,
				C454904D1D96BE600011B9AC /* ImageCell.xib in Resources */,
				C48C64151D98501F00A82678 /* DrawingViewController.xib in Resources */,
				C416EFCD1D73582900D484A5 /* Assets.xcassets in Resources */,
				C416EFCB1D73582900D484A5 /* Main.storyboard in Resources */,
			);
			runOnlyForDeploymentPostprocessing = 0;
		};
/* End PBXResourcesBuildPhase section */

/* Begin PBXSourcesBuildPhase section */
		C416EFBC1D73582900D484A5 /* Sources */ = {
			isa = PBXSourcesBuildPhase;
			buildActionMask = 2147483647;
			files = (
				C416EFD81D735A3B00D484A5 /* MasterViewController.swift in Sources */,
				C440F4EE1D85DD6400D4AFDB /* MnistNet.swift in Sources */,
				C48C64171D98529C00A82678 /* CanvasView.swift in Sources */,
				C4EC53A91D8EAC63001684F0 /* BnnsBuilder.swift in Sources */,
				C416EFC41D73582900D484A5 /* AppDelegate.swift in Sources */,
				C48C64141D98501F00A82678 /* DrawingViewController.swift in Sources */,
				C4E383E61D7362F000796D53 /* OneByOneViewController.swift in Sources */,
				C45490491D96BA8A0011B9AC /* BatchViewController.swift in Sources */,
				C4E383ED1D7366A300796D53 /* MnistData.swift in Sources */,
				C48C64191D9870E300A82678 /* ImageMagic.swift in Sources */,
				C4E383EF1D736FEA00796D53 /* ImageCell.swift in Sources */,
			);
			runOnlyForDeploymentPostprocessing = 0;
		};
/* End PBXSourcesBuildPhase section */

/* Begin PBXVariantGroup section */
		C416EFC91D73582900D484A5 /* Main.storyboard */ = {
			isa = PBXVariantGroup;
			children = (
				C416EFCA1D73582900D484A5 /* Base */,
			);
			name = Main.storyboard;
			sourceTree = "<group>";
		};
		C416EFCE1D73582900D484A5 /* LaunchScreen.storyboard */ = {
			isa = PBXVariantGroup;
			children = (
				C416EFCF1D73582900D484A5 /* Base */,
			);
			name = LaunchScreen.storyboard;
			sourceTree = "<group>";
		};
/* End PBXVariantGroup section */

/* Begin XCBuildConfiguration section */
		C416EFD21D73582900D484A5 /* Debug */ = {
			isa = XCBuildConfiguration;
			buildSettings = {
				ALWAYS_SEARCH_USER_PATHS = NO;
				CLANG_ANALYZER_NONNULL = YES;
				CLANG_CXX_LANGUAGE_STANDARD = "gnu++0x";
				CLANG_CXX_LIBRARY = "libc++";
				CLANG_ENABLE_MODULES = YES;
				CLANG_ENABLE_OBJC_ARC = YES;
				CLANG_WARN_BLOCK_CAPTURE_AUTORELEASING = YES;
				CLANG_WARN_BOOL_CONVERSION = YES;
				CLANG_WARN_COMMA = YES;
				CLANG_WARN_CONSTANT_CONVERSION = YES;
				CLANG_WARN_DEPRECATED_OBJC_IMPLEMENTATIONS = YES;
				CLANG_WARN_DIRECT_OBJC_ISA_USAGE = YES_ERROR;
				CLANG_WARN_DOCUMENTATION_COMMENTS = YES;
				CLANG_WARN_EMPTY_BODY = YES;
				CLANG_WARN_ENUM_CONVERSION = YES;
				CLANG_WARN_INFINITE_RECURSION = YES;
				CLANG_WARN_INT_CONVERSION = YES;
				CLANG_WARN_NON_LITERAL_NULL_CONVERSION = YES;
				CLANG_WARN_OBJC_IMPLICIT_RETAIN_SELF = YES;
				CLANG_WARN_OBJC_LITERAL_CONVERSION = YES;
				CLANG_WARN_OBJC_ROOT_CLASS = YES_ERROR;
				CLANG_WARN_RANGE_LOOP_ANALYSIS = YES;
				CLANG_WARN_STRICT_PROTOTYPES = YES;
				CLANG_WARN_SUSPICIOUS_MOVE = YES;
				CLANG_WARN_SUSPICIOUS_MOVES = YES;
				CLANG_WARN_UNREACHABLE_CODE = YES;
				CLANG_WARN__DUPLICATE_METHOD_MATCH = YES;
				"CODE_SIGN_IDENTITY[sdk=iphoneos*]" = "iPhone Developer";
				COPY_PHASE_STRIP = NO;
				DEBUG_INFORMATION_FORMAT = dwarf;
				ENABLE_STRICT_OBJC_MSGSEND = YES;
				ENABLE_TESTABILITY = YES;
				GCC_C_LANGUAGE_STANDARD = gnu99;
				GCC_DYNAMIC_NO_PIC = NO;
				GCC_NO_COMMON_BLOCKS = YES;
				GCC_OPTIMIZATION_LEVEL = 0;
				GCC_PREPROCESSOR_DEFINITIONS = (
					"DEBUG=1",
					"$(inherited)",
				);
				GCC_WARN_64_TO_32_BIT_CONVERSION = YES;
				GCC_WARN_ABOUT_RETURN_TYPE = YES_ERROR;
				GCC_WARN_UNDECLARED_SELECTOR = YES;
				GCC_WARN_UNINITIALIZED_AUTOS = YES_AGGRESSIVE;
				GCC_WARN_UNUSED_FUNCTION = YES;
				GCC_WARN_UNUSED_VARIABLE = YES;
				IPHONEOS_DEPLOYMENT_TARGET = 10.0;
				MTL_ENABLE_DEBUG_INFO = YES;
				ONLY_ACTIVE_ARCH = YES;
				SDKROOT = iphoneos;
				SWIFT_ACTIVE_COMPILATION_CONDITIONS = DEBUG;
				SWIFT_OPTIMIZATION_LEVEL = "-Onone";
			};
			name = Debug;
		};
		C416EFD31D73582900D484A5 /* Release */ = {
			isa = XCBuildConfiguration;
			buildSettings = {
				ALWAYS_SEARCH_USER_PATHS = NO;
				CLANG_ANALYZER_NONNULL = YES;
				CLANG_CXX_LANGUAGE_STANDARD = "gnu++0x";
				CLANG_CXX_LIBRARY = "libc++";
				CLANG_ENABLE_MODULES = YES;
				CLANG_ENABLE_OBJC_ARC = YES;
				CLANG_WARN_BLOCK_CAPTURE_AUTORELEASING = YES;
				CLANG_WARN_BOOL_CONVERSION = YES;
				CLANG_WARN_COMMA = YES;
				CLANG_WARN_CONSTANT_CONVERSION = YES;
				CLANG_WARN_DEPRECATED_OBJC_IMPLEMENTATIONS = YES;
				CLANG_WARN_DIRECT_OBJC_ISA_USAGE = YES_ERROR;
				CLANG_WARN_DOCUMENTATION_COMMENTS = YES;
				CLANG_WARN_EMPTY_BODY = YES;
				CLANG_WARN_ENUM_CONVERSION = YES;
				CLANG_WARN_INFINITE_RECURSION = YES;
				CLANG_WARN_INT_CONVERSION = YES;
				CLANG_WARN_NON_LITERAL_NULL_CONVERSION = YES;
				CLANG_WARN_OBJC_IMPLICIT_RETAIN_SELF = YES;
				CLANG_WARN_OBJC_LITERAL_CONVERSION = YES;
				CLANG_WARN_OBJC_ROOT_CLASS = YES_ERROR;
				CLANG_WARN_RANGE_LOOP_ANALYSIS = YES;
				CLANG_WARN_STRICT_PROTOTYPES = YES;
				CLANG_WARN_SUSPICIOUS_MOVE = YES;
				CLANG_WARN_SUSPICIOUS_MOVES = YES;
				CLANG_WARN_UNREACHABLE_CODE = YES;
				CLANG_WARN__DUPLICATE_METHOD_MATCH = YES;
				"CODE_SIGN_IDENTITY[sdk=iphoneos*]" = "iPhone Developer";
				COPY_PHASE_STRIP = NO;
				DEBUG_INFORMATION_FORMAT = "dwarf-with-dsym";
				ENABLE_NS_ASSERTIONS = NO;
				ENABLE_STRICT_OBJC_MSGSEND = YES;
				GCC_C_LANGUAGE_STANDARD = gnu99;
				GCC_NO_COMMON_BLOCKS = YES;
				GCC_WARN_64_TO_32_BIT_CONVERSION = YES;
				GCC_WARN_ABOUT_RETURN_TYPE = YES_ERROR;
				GCC_WARN_UNDECLARED_SELECTOR = YES;
				GCC_WARN_UNINITIALIZED_AUTOS = YES_AGGRESSIVE;
				GCC_WARN_UNUSED_FUNCTION = YES;
				GCC_WARN_UNUSED_VARIABLE = YES;
				IPHONEOS_DEPLOYMENT_TARGET = 10.0;
				MTL_ENABLE_DEBUG_INFO = NO;
				SDKROOT = iphoneos;
				SWIFT_OPTIMIZATION_LEVEL = "-Owholemodule";
				VALIDATE_PRODUCT = YES;
			};
			name = Release;
		};
		C416EFD51D73582900D484A5 /* Debug */ = {
			isa = XCBuildConfiguration;
			buildSettings = {
				ASSETCATALOG_COMPILER_APPICON_NAME = AppIcon;
				CLANG_ENABLE_MODULES = YES;
				DEVELOPMENT_TEAM = R6D5S4N2Y9;
				INFOPLIST_FILE = mnistios/Info.plist;
				LD_RUNPATH_SEARCH_PATHS = "$(inherited) @executable_path/Frameworks";
				PRODUCT_BUNDLE_IDENTIFIER = paiv.mnistios;
				PRODUCT_NAME = "$(TARGET_NAME)";
				SWIFT_OBJC_BRIDGING_HEADER = "mnistios/mnistios-Bridging-Header.h";
				SWIFT_OPTIMIZATION_LEVEL = "-Onone";
				SWIFT_VERSION = 4.2;
			};
			name = Debug;
		};
		C416EFD61D73582900D484A5 /* Release */ = {
			isa = XCBuildConfiguration;
			buildSettings = {
				ASSETCATALOG_COMPILER_APPICON_NAME = AppIcon;
				CLANG_ENABLE_MODULES = YES;
				DEVELOPMENT_TEAM = R6D5S4N2Y9;
				INFOPLIST_FILE = mnistios/Info.plist;
				LD_RUNPATH_SEARCH_PATHS = "$(inherited) @executable_path/Frameworks";
				PRODUCT_BUNDLE_IDENTIFIER = paiv.mnistios;
				PRODUCT_NAME = "$(TARGET_NAME)";
				SWIFT_OBJC_BRIDGING_HEADER = "mnistios/mnistios-Bridging-Header.h";
				SWIFT_VERSION = 4.2;
			};
			name = Release;
		};
/* End XCBuildConfiguration section */

/* Begin XCConfigurationList section */
		C416EFBB1D73582900D484A5 /* Build configuration list for PBXProject "mnistios" */ = {
			isa = XCConfigurationList;
			buildConfigurations = (
				C416EFD21D73582900D484A5 /* Debug */,
				C416EFD31D73582900D484A5 /* Release */,
			);
			defaultConfigurationIsVisible = 0;
			defaultConfigurationName = Release;
		};
		C416EFD41D73582900D484A5 /* Build configuration list for PBXNativeTarget "mnistios" */ = {
			isa = XCConfigurationList;
			buildConfigurations = (
				C416EFD51D73582900D484A5 /* Debug */,
				C416EFD61D73582900D484A5 /* Release */,
			);
			defaultConfigurationIsVisible = 0;
			defaultConfigurationName = Release;
		};
/* End XCConfigurationList section */
	};
	rootObject = C416EFB81D73582900D484A5 /* Project object */;
}
